
Microsoft Visual Studio Solution File, Format Version 12.00
# Visual Studio Version 17
VisualStudioVersion = 17.4.33110.190
MinimumVisualStudioVersion = 10.0.40219.1
Project("{FAE04EC0-301F-11D3-BF4B-00C04F79EFBC}") = "ufc294WindowsForm", "ufc294WindowsForm\ufc294WindowsForm.csproj", "{FBBEF9EE-9C44-47AD-9398-F73E2F4ABD14}"
EndProject
Global
	GlobalSection(SolutionConfigurationPlatforms) = preSolution
		Debug|Any CPU = Debug|Any CPU
		Release|Any CPU = Release|Any CPU
	EndGlobalSection
	GlobalSection(ProjectConfigurationPlatforms) = postSolution
		{FBBEF9EE-9C44-47AD-9398-F73E2F4ABD14}.Debug|Any CPU.ActiveCfg = Debug|Any CPU
		{FBBEF9EE-9C44-47AD-9398-F73E2F4ABD14}.Debug|Any CPU.Build.0 = Debug|Any CPU
		{FBBEF9EE-9C44-47AD-9398-F73E2F4ABD14}.Release|Any CPU.ActiveCfg = Release|Any CPU
		{FBBEF9EE-9C44-47AD-9398-F73E2F4ABD14}.Release|Any CPU.Build.0 = Release|Any CPU
	EndGlobalSection
	GlobalSection(SolutionProperties) = preSolution
		HideSolutionNode = FALSE
	EndGlobalSection
	GlobalSection(ExtensibilityGlobals) = postSolution
		SolutionGuid = {039BC81E-3192-4896-8D93-8AEDB39CC9F8}
	EndGlobalSection
EndGlobal
